github.com/usbarmory/tamago v1.26.4 h1:laFvRANKgVYFHxLHjIlhqJCc3Xm+qMyab2SlUoNw6zY=
github.com/usbarmory/tamago v1.26.4/go.mod h1:HZkb+ZkzFl8aCxAuF7exsKX+XaNM0mYG9Iv7ooX1WDY=
github.com/xinix00/HopOS/metal v1.12.5 h1:wkRpNJRpeN4sm02DasUjpYcQ/cLwORMA0iO0GmWJESg=
github.com/xinix00/HopOS/metal v1.12.5/go.mod h1:jBvhR1BKP4C+3xLdru1LfMNWc7A9Qsxd2UG38AM4YXY=
github.com/xinix00/hoplib v0.1.0 h1:iXpM1g+4Egp3FY4bk7gVKGmcGHX6kzNsRqRZNwW7Abw=
github.com/xinix00/hoplib v0.1.0/go.mod h1:qpRYSsWr5FZOoTnDxOFjkLJt+5GVYwYYz6G0zPMTMms=
github.com/xinix00/lean v0.3.0 h1:UaVCfN870X/5BJt1e6EMgCEc/I1zLqBYVewG4/kIi/I=
github.com/xinix00/lean v0.3.0/go.mod h1:gRIa2nL/SIEsi1L/eq9EUqrKQ+jnjxUGb3IAsuVQX7U=
