github.com/google/btree v1.1.2 h1:xf4v41cLI2Z6FxbKm+8Bu+m8ifhj15JuZ9sa0jZCMUU=
github.com/google/btree v1.1.2/go.mod h1:qOPhT0dTNdNzV6Z/lhRX0YXUafgPLFUh+gZMl761Gm4=
github.com/soypat/lneto v0.1.1-0.20260609173350-82f946154800 h1:DO6h8xFE/NbUZNDjIRMnOEXOQykAUB5Jfe0RXEEqijU=
github.com/soypat/lneto v0.1.1-0.20260609173350-82f946154800/go.mod h1:Be5PjwoYukvHFiUXxpYi8+ppH2F/gw/vjGBvFdv+Ti8=
github.com/usbarmory/go-net v0.0.0-20260626130943-dad9ef39fd9b h1:QOgzNwGI3ZFJzr+B3HJJsJ1Xp3jN6wcTX+dTbZ6Cwow=
github.com/usbarmory/go-net v0.0.0-20260626130943-dad9ef39fd9b/go.mod h1:buOhhKgCq3hxLvQ3QUMVHZy5XKcxFcx4zjOgGc2PEas=
github.com/usbarmory/tamago v1.26.4 h1:laFvRANKgVYFHxLHjIlhqJCc3Xm+qMyab2SlUoNw6zY=
github.com/usbarmory/tamago v1.26.4/go.mod h1:HZkb+ZkzFl8aCxAuF7exsKX+XaNM0mYG9Iv7ooX1WDY=
github.com/xinix00/hoplib v0.1.0 h1:iXpM1g+4Egp3FY4bk7gVKGmcGHX6kzNsRqRZNwW7Abw=
github.com/xinix00/hoplib v0.1.0/go.mod h1:qpRYSsWr5FZOoTnDxOFjkLJt+5GVYwYYz6G0zPMTMms=
golang.org/x/sys v0.44.0 h1:ildZl3J4uzeKP07r2F++Op7E9B29JRUy+a27EibtBTQ=
golang.org/x/sys v0.44.0/go.mod h1:4GL1E5IUh+htKOUEOaiffhrAeqysfVGipDYzABqnCmw=
golang.org/x/time v0.7.0 h1:ntUhktv3OPE6TgYxXWv9vKvUSJyIFJlyohwbkEwPrKQ=
golang.org/x/time v0.7.0/go.mod h1:3BpzKBy/shNhVucY/MWOyx10tF3SFh9QdLuxbVysPQM=
gvisor.dev/gvisor v0.0.0-20250911055229-61a46406f068 h1:95kdltF/maTDk/Wulj7V81cSLgjB/Mg/6eJmOKsey4U=
gvisor.dev/gvisor v0.0.0-20250911055229-61a46406f068/go.mod h1:K16uJjZ+hSqDVsXhU2Rg2FpMN7kBvjZp/Ibt5BYZJjw=
